
Microsoft Visual Studio Solution File, Format Version 12.00
# Visual Studio Version 16
VisualStudioVersion = 16.0.29123.88
MinimumVisualStudioVersion = 10.0.40219.1
Project("{FAE04EC0-301F-11D3-BF4B-00C04F79EFBC}") = "SelectAnime.Android", "SelectAnime\SelectAnime.Android\SelectAnime.Android.csproj", "{0B8247A6-E75A-4421-A931-66B761DD0657}"
EndProject
Project("{FAE04EC0-301F-11D3-BF4B-00C04F79EFBC}") = "SelectAnime.iOS", "SelectAnime\SelectAnime.iOS\SelectAnime.iOS.csproj", "{A159FC43-531F-4F4D-8E4B-7F436874BA4A}"
EndProject
Project("{FAE04EC0-301F-11D3-BF4B-00C04F79EFBC}") = "SelectAnime", "SelectAnime\SelectAnime\SelectAnime.csproj", "{D1660A8F-B848-4093-A98A-E583AF76733F}"
EndProject
Global
	GlobalSection(SolutionConfigurationPlatforms) = preSolution
		Debug|Any CPU = Debug|Any CPU
		Debug|iPhone = Debug|iPhone
		Debug|iPhoneSimulator = Debug|iPhoneSimulator
		Release|Any CPU = Release|Any CPU
		Release|iPhone = Release|iPhone
		Release|iPhoneSimulator = Release|iPhoneSimulator
	EndGlobalSection
	GlobalSection(ProjectConfigurationPlatforms) = postSolution
		{0B8247A6-E75A-4421-A931-66B761DD0657}.Debug|Any CPU.ActiveCfg = Debug|Any CPU
		{0B8247A6-E75A-4421-A931-66B761DD0657}.Debug|Any CPU.Build.0 = Debug|Any CPU
		{0B8247A6-E75A-4421-A931-66B761DD0657}.Debug|Any CPU.Deploy.0 = Debug|Any CPU
		{0B8247A6-E75A-4421-A931-66B761DD0657}.Debug|iPhone.ActiveCfg = Debug|Any CPU
		{0B8247A6-E75A-4421-A931-66B761DD0657}.Debug|iPhone.Build.0 = Debug|Any CPU
		{0B8247A6-E75A-4421-A931-66B761DD0657}.Debug|iPhone.Deploy.0 = Debug|Any CPU
		{0B8247A6-E75A-4421-A931-66B761DD0657}.Debug|iPhoneSimulator.ActiveCfg = Debug|Any CPU
		{0B8247A6-E75A-4421-A931-66B761DD0657}.Debug|iPhoneSimulator.Build.0 = Debug|Any CPU
		{0B8247A6-E75A-4421-A931-66B761DD0657}.Debug|iPhoneSimulator.Deploy.0 = Debug|Any CPU
		{0B8247A6-E75A-4421-A931-66B761DD0657}.Release|Any CPU.ActiveCfg = Release|Any CPU
		{0B8247A6-E75A-4421-A931-66B761DD0657}.Release|Any CPU.Build.0 = Release|Any CPU
		{0B8247A6-E75A-4421-A931-66B761DD0657}.Release|Any CPU.Deploy.0 = Release|Any CPU
		{0B8247A6-E75A-4421-A931-66B761DD0657}.Release|iPhone.ActiveCfg = Release|Any CPU
		{0B8247A6-E75A-4421-A931-66B761DD0657}.Release|iPhone.Build.0 = Release|Any CPU
		{0B8247A6-E75A-4421-A931-66B761DD0657}.Release|iPhone.Deploy.0 = Release|Any CPU
		{0B8247A6-E75A-4421-A931-66B761DD0657}.Release|iPhoneSimulator.ActiveCfg = Release|Any CPU
		{0B8247A6-E75A-4421-A931-66B761DD0657}.Release|iPhoneSimulator.Build.0 = Release|Any CPU
		{0B8247A6-E75A-4421-A931-66B761DD0657}.Release|iPhoneSimulator.Deploy.0 = Release|Any CPU
		{A159FC43-531F-4F4D-8E4B-7F436874BA4A}.Debug|Any CPU.ActiveCfg = Debug|iPhoneSimulator
		{A159FC43-531F-4F4D-8E4B-7F436874BA4A}.Debug|Any CPU.Build.0 = Debug|iPhoneSimulator
		{A159FC43-531F-4F4D-8E4B-7F436874BA4A}.Debug|Any CPU.Deploy.0 = Debug|iPhoneSimulator
		{A159FC43-531F-4F4D-8E4B-7F436874BA4A}.Debug|iPhone.ActiveCfg = Debug|iPhone
		{A159FC43-531F-4F4D-8E4B-7F436874BA4A}.Debug|iPhone.Build.0 = Debug|iPhone
		{A159FC43-531F-4F4D-8E4B-7F436874BA4A}.Debug|iPhone.Deploy.0 = Debug|iPhone
		{A159FC43-531F-4F4D-8E4B-7F436874BA4A}.Debug|iPhoneSimulator.ActiveCfg = Debug|iPhoneSimulator
		{A159FC43-531F-4F4D-8E4B-7F436874BA4A}.Debug|iPhoneSimulator.Build.0 = Debug|iPhoneSimulator
		{A159FC43-531F-4F4D-8E4B-7F436874BA4A}.Debug|iPhoneSimulator.Deploy.0 = Debug|iPhoneSimulator
		{A159FC43-531F-4F4D-8E4B-7F436874BA4A}.Release|Any CPU.ActiveCfg = Release|iPhone
		{A159FC43-531F-4F4D-8E4B-7F436874BA4A}.Release|Any CPU.Build.0 = Release|iPhone
		{A159FC43-531F-4F4D-8E4B-7F436874BA4A}.Release|Any CPU.Deploy.0 = Release|iPhone
		{A159FC43-531F-4F4D-8E4B-7F436874BA4A}.Release|iPhone.ActiveCfg = Release|iPhone
		{A159FC43-531F-4F4D-8E4B-7F436874BA4A}.Release|iPhone.Build.0 = Release|iPhone
		{A159FC43-531F-4F4D-8E4B-7F436874BA4A}.Release|iPhone.Deploy.0 = Release|iPhone
		{A159FC43-531F-4F4D-8E4B-7F436874BA4A}.Release|iPhoneSimulator.ActiveCfg = Release|iPhoneSimulator
		{A159FC43-531F-4F4D-8E4B-7F436874BA4A}.Release|iPhoneSimulator.Build.0 = Release|iPhoneSimulator
		{A159FC43-531F-4F4D-8E4B-7F436874BA4A}.Release|iPhoneSimulator.Deploy.0 = Release|iPhoneSimulator
		{D1660A8F-B848-4093-A98A-E583AF76733F}.Debug|Any CPU.ActiveCfg = Debug|Any CPU
		{D1660A8F-B848-4093-A98A-E583AF76733F}.Debug|Any CPU.Build.0 = Debug|Any CPU
		{D1660A8F-B848-4093-A98A-E583AF76733F}.Debug|Any CPU.Deploy.0 = Debug|Any CPU
		{D1660A8F-B848-4093-A98A-E583AF76733F}.Debug|iPhone.ActiveCfg = Debug|Any CPU
		{D1660A8F-B848-4093-A98A-E583AF76733F}.Debug|iPhone.Build.0 = Debug|Any CPU
		{D1660A8F-B848-4093-A98A-E583AF76733F}.Debug|iPhone.Deploy.0 = Debug|Any CPU
		{D1660A8F-B848-4093-A98A-E583AF76733F}.Debug|iPhoneSimulator.ActiveCfg = Debug|Any CPU
		{D1660A8F-B848-4093-A98A-E583AF76733F}.Debug|iPhoneSimulator.Build.0 = Debug|Any CPU
		{D1660A8F-B848-4093-A98A-E583AF76733F}.Debug|iPhoneSimulator.Deploy.0 = Debug|Any CPU
		{D1660A8F-B848-4093-A98A-E583AF76733F}.Release|Any CPU.ActiveCfg = Release|Any CPU
		{D1660A8F-B848-4093-A98A-E583AF76733F}.Release|Any CPU.Build.0 = Release|Any CPU
		{D1660A8F-B848-4093-A98A-E583AF76733F}.Release|Any CPU.Deploy.0 = Release|Any CPU
		{D1660A8F-B848-4093-A98A-E583AF76733F}.Release|iPhone.ActiveCfg = Release|Any CPU
		{D1660A8F-B848-4093-A98A-E583AF76733F}.Release|iPhone.Build.0 = Release|Any CPU
		{D1660A8F-B848-4093-A98A-E583AF76733F}.Release|iPhone.Deploy.0 = Release|Any CPU
		{D1660A8F-B848-4093-A98A-E583AF76733F}.Release|iPhoneSimulator.ActiveCfg = Release|Any CPU
		{D1660A8F-B848-4093-A98A-E583AF76733F}.Release|iPhoneSimulator.Build.0 = Release|Any CPU
		{D1660A8F-B848-4093-A98A-E583AF76733F}.Release|iPhoneSimulator.Deploy.0 = Release|Any CPU
	EndGlobalSection
	GlobalSection(SolutionProperties) = preSolution
		HideSolutionNode = FALSE
	EndGlobalSection
	GlobalSection(ExtensibilityGlobals) = postSolution
		SolutionGuid = {04FEB100-6F05-4950-8795-3A1E98E64A78}
	EndGlobalSection
EndGlobal
